
Microsoft Visual Studio Solution File, Format Version 12.00
# Visual Studio 15
VisualStudioVersion = 15.0.27703.2035
MinimumVisualStudioVersion = 10.0.40219.1
Project("{FAE04EC0-301F-11D3-BF4B-00C04F79EFBC}") = "ModifyingString", "ModifyingString\ModifyingString.csproj", "{FFC649D7-9D51-41BA-A36B-0EB0D8A001F9}"
EndProject
Project("{FAE04EC0-301F-11D3-BF4B-00C04F79EFBC}") = "BuildASentence", "BuildASentence\BuildASentence.csproj", "{AD505224-83A2-45A0-A14A-1AD08BACB5C4}"
EndProject
Project("{FAE04EC0-301F-11D3-BF4B-00C04F79EFBC}") = "OtherStuffWithString", "OtherStuffWithString\OtherStuffWithString.csproj", "{2A7C9A69-14A1-40D1-A4F7-A670E589EB53}"
EndProject
Project("{FAE04EC0-301F-11D3-BF4B-00C04F79EFBC}") = "ParseSequenceWithSplit", "ParseSequenceWithSplit\ParseSequenceWithSplit.csproj", "{53AB7992-7CCA-4C7A-A943-12880D5E5F02}"
EndProject
Project("{FAE04EC0-301F-11D3-BF4B-00C04F79EFBC}") = "AlignOutput", "AlignOutput\AlignOutput.csproj", "{BF8A9650-91C0-482B-8B80-245A46F9998B}"
EndProject
Project("{FAE04EC0-301F-11D3-BF4B-00C04F79EFBC}") = "RemoveWhiteSpace", "RemoveWhiteSpace\RemoveWhiteSpace.csproj", "{CD35D14D-4AB5-46ED-80FC-E398778F9F16}"
EndProject
Project("{FAE04EC0-301F-11D3-BF4B-00C04F79EFBC}") = "OutputFormatControls", "OutputFormatControls\OutputFormatControls.csproj", "{1558924D-575C-41B4-ABE8-1B9F97284B86}"
EndProject
Project("{FAE04EC0-301F-11D3-BF4B-00C04F79EFBC}") = "StringBuilderTest", "StringBuilderTest\StringBuilderTest.csproj", "{522F2BB0-7929-4EAB-AC36-7522A27F207C}"
EndProject
Project("{2150E333-8FDC-42A3-9474-1A3956D46DE8}") = "Book 1 Chapter 3", "Book 1 Chapter 3", "{E24C37B1-0A0A-4DC5-8CBF-8B1618FFD7E4}"
EndProject
Project("{2150E333-8FDC-42A3-9474-1A3956D46DE8}") = "Book 1 Chapter 4", "Book 1 Chapter 4", "{0649DB23-AD55-4CBA-9F93-249B74A99E15}"
EndProject
Project("{FAE04EC0-301F-11D3-BF4B-00C04F79EFBC}") = "OperatorOverloading", "OperatorOverloading\OperatorOverloading.csproj", "{0DA61957-33C2-45FE-A8A1-1A890568B7A1}"
EndProject
Project("{2150E333-8FDC-42A3-9474-1A3956D46DE8}") = "Book 1 Chapter 6", "Book 1 Chapter 6", "{45EABCAB-6801-4199-A8D9-D4AB343598DC}"
EndProject
Project("{FAE04EC0-301F-11D3-BF4B-00C04F79EFBC}") = "BubbleSortArray", "BubbleSortArray\BubbleSortArray.csproj", "{F9C15849-242A-4EF7-9E8E-FF6EEF525302}"
EndProject
Global
	GlobalSection(SolutionConfigurationPlatforms) = preSolution
		Debug|Any CPU = Debug|Any CPU
		Release|Any CPU = Release|Any CPU
	EndGlobalSection
	GlobalSection(ProjectConfigurationPlatforms) = postSolution
		{FFC649D7-9D51-41BA-A36B-0EB0D8A001F9}.Debug|Any CPU.ActiveCfg = Debug|Any CPU
		{FFC649D7-9D51-41BA-A36B-0EB0D8A001F9}.Debug|Any CPU.Build.0 = Debug|Any CPU
		{FFC649D7-9D51-41BA-A36B-0EB0D8A001F9}.Release|Any CPU.ActiveCfg = Release|Any CPU
		{FFC649D7-9D51-41BA-A36B-0EB0D8A001F9}.Release|Any CPU.Build.0 = Release|Any CPU
		{AD505224-83A2-45A0-A14A-1AD08BACB5C4}.Debug|Any CPU.ActiveCfg = Debug|Any CPU
		{AD505224-83A2-45A0-A14A-1AD08BACB5C4}.Debug|Any CPU.Build.0 = Debug|Any CPU
		{AD505224-83A2-45A0-A14A-1AD08BACB5C4}.Release|Any CPU.ActiveCfg = Release|Any CPU
		{AD505224-83A2-45A0-A14A-1AD08BACB5C4}.Release|Any CPU.Build.0 = Release|Any CPU
		{2A7C9A69-14A1-40D1-A4F7-A670E589EB53}.Debug|Any CPU.ActiveCfg = Debug|Any CPU
		{2A7C9A69-14A1-40D1-A4F7-A670E589EB53}.Debug|Any CPU.Build.0 = Debug|Any CPU
		{2A7C9A69-14A1-40D1-A4F7-A670E589EB53}.Release|Any CPU.ActiveCfg = Release|Any CPU
		{2A7C9A69-14A1-40D1-A4F7-A670E589EB53}.Release|Any CPU.Build.0 = Release|Any CPU
		{53AB7992-7CCA-4C7A-A943-12880D5E5F02}.Debug|Any CPU.ActiveCfg = Debug|Any CPU
		{53AB7992-7CCA-4C7A-A943-12880D5E5F02}.Debug|Any CPU.Build.0 = Debug|Any CPU
		{53AB7992-7CCA-4C7A-A943-12880D5E5F02}.Release|Any CPU.ActiveCfg = Release|Any CPU
		{53AB7992-7CCA-4C7A-A943-12880D5E5F02}.Release|Any CPU.Build.0 = Release|Any CPU
		{BF8A9650-91C0-482B-8B80-245A46F9998B}.Debug|Any CPU.ActiveCfg = Debug|Any CPU
		{BF8A9650-91C0-482B-8B80-245A46F9998B}.Debug|Any CPU.Build.0 = Debug|Any CPU
		{BF8A9650-91C0-482B-8B80-245A46F9998B}.Release|Any CPU.ActiveCfg = Release|Any CPU
		{BF8A9650-91C0-482B-8B80-245A46F9998B}.Release|Any CPU.Build.0 = Release|Any CPU
		{CD35D14D-4AB5-46ED-80FC-E398778F9F16}.Debug|Any CPU.ActiveCfg = Debug|Any CPU
		{CD35D14D-4AB5-46ED-80FC-E398778F9F16}.Debug|Any CPU.Build.0 = Debug|Any CPU
		{CD35D14D-4AB5-46ED-80FC-E398778F9F16}.Release|Any CPU.ActiveCfg = Release|Any CPU
		{CD35D14D-4AB5-46ED-80FC-E398778F9F16}.Release|Any CPU.Build.0 = Release|Any CPU
		{1558924D-575C-41B4-ABE8-1B9F97284B86}.Debug|Any CPU.ActiveCfg = Debug|Any CPU
		{1558924D-575C-41B4-ABE8-1B9F97284B86}.Debug|Any CPU.Build.0 = Debug|Any CPU
		{1558924D-575C-41B4-ABE8-1B9F97284B86}.Release|Any CPU.ActiveCfg = Release|Any CPU
		{1558924D-575C-41B4-ABE8-1B9F97284B86}.Release|Any CPU.Build.0 = Release|Any CPU
		{522F2BB0-7929-4EAB-AC36-7522A27F207C}.Debug|Any CPU.ActiveCfg = Debug|Any CPU
		{522F2BB0-7929-4EAB-AC36-7522A27F207C}.Debug|Any CPU.Build.0 = Debug|Any CPU
		{522F2BB0-7929-4EAB-AC36-7522A27F207C}.Release|Any CPU.ActiveCfg = Release|Any CPU
		{522F2BB0-7929-4EAB-AC36-7522A27F207C}.Release|Any CPU.Build.0 = Release|Any CPU
		{0DA61957-33C2-45FE-A8A1-1A890568B7A1}.Debug|Any CPU.ActiveCfg = Debug|Any CPU
		{0DA61957-33C2-45FE-A8A1-1A890568B7A1}.Debug|Any CPU.Build.0 = Debug|Any CPU
		{0DA61957-33C2-45FE-A8A1-1A890568B7A1}.Release|Any CPU.ActiveCfg = Release|Any CPU
		{0DA61957-33C2-45FE-A8A1-1A890568B7A1}.Release|Any CPU.Build.0 = Release|Any CPU
		{F9C15849-242A-4EF7-9E8E-FF6EEF525302}.Debug|Any CPU.ActiveCfg = Debug|Any CPU
		{F9C15849-242A-4EF7-9E8E-FF6EEF525302}.Debug|Any CPU.Build.0 = Debug|Any CPU
		{F9C15849-242A-4EF7-9E8E-FF6EEF525302}.Release|Any CPU.ActiveCfg = Release|Any CPU
		{F9C15849-242A-4EF7-9E8E-FF6EEF525302}.Release|Any CPU.Build.0 = Release|Any CPU
	EndGlobalSection
	GlobalSection(SolutionProperties) = preSolution
		HideSolutionNode = FALSE
	EndGlobalSection
	GlobalSection(NestedProjects) = preSolution
		{FFC649D7-9D51-41BA-A36B-0EB0D8A001F9} = {E24C37B1-0A0A-4DC5-8CBF-8B1618FFD7E4}
		{AD505224-83A2-45A0-A14A-1AD08BACB5C4} = {E24C37B1-0A0A-4DC5-8CBF-8B1618FFD7E4}
		{2A7C9A69-14A1-40D1-A4F7-A670E589EB53} = {E24C37B1-0A0A-4DC5-8CBF-8B1618FFD7E4}
		{53AB7992-7CCA-4C7A-A943-12880D5E5F02} = {E24C37B1-0A0A-4DC5-8CBF-8B1618FFD7E4}
		{BF8A9650-91C0-482B-8B80-245A46F9998B} = {E24C37B1-0A0A-4DC5-8CBF-8B1618FFD7E4}
		{CD35D14D-4AB5-46ED-80FC-E398778F9F16} = {E24C37B1-0A0A-4DC5-8CBF-8B1618FFD7E4}
		{1558924D-575C-41B4-ABE8-1B9F97284B86} = {E24C37B1-0A0A-4DC5-8CBF-8B1618FFD7E4}
		{522F2BB0-7929-4EAB-AC36-7522A27F207C} = {E24C37B1-0A0A-4DC5-8CBF-8B1618FFD7E4}
		{0DA61957-33C2-45FE-A8A1-1A890568B7A1} = {0649DB23-AD55-4CBA-9F93-249B74A99E15}
		{F9C15849-242A-4EF7-9E8E-FF6EEF525302} = {45EABCAB-6801-4199-A8D9-D4AB343598DC}
	EndGlobalSection
	GlobalSection(ExtensibilityGlobals) = postSolution
		SolutionGuid = {CC0FDB8F-83FB-4AE4-80E9-151B61189D3A}
	EndGlobalSection
EndGlobal
